
Microsoft Visual Studio Solution File, Format Version 12.00
# Visual Studio Version 16
VisualStudioVersion = 16.0.31829.152
MinimumVisualStudioVersion = 10.0.40219.1
Project("{FAE04EC0-301F-11D3-BF4B-00C04F79EFBC}") = "14_WPF", "14_WPF\14_WPF.csproj", "{F74DE53A-0EAA-49AB-82A9-C6AD99352B25}"
EndProject
Global
	GlobalSection(SolutionConfigurationPlatforms) = preSolution
		Debug|Any CPU = Debug|Any CPU
		Release|Any CPU = Release|Any CPU
	EndGlobalSection
	GlobalSection(ProjectConfigurationPlatforms) = postSolution
		{F74DE53A-0EAA-49AB-82A9-C6AD99352B25}.Debug|Any CPU.ActiveCfg = Debug|Any CPU
		{F74DE53A-0EAA-49AB-82A9-C6AD99352B25}.Debug|Any CPU.Build.0 = Debug|Any CPU
		{F74DE53A-0EAA-49AB-82A9-C6AD99352B25}.Release|Any CPU.ActiveCfg = Release|Any CPU
		{F74DE53A-0EAA-49AB-82A9-C6AD99352B25}.Release|Any CPU.Build.0 = Release|Any CPU
	EndGlobalSection
	GlobalSection(SolutionProperties) = preSolution
		HideSolutionNode = FALSE
	EndGlobalSection
	GlobalSection(ExtensibilityGlobals) = postSolution
		SolutionGuid = {18CC6213-F6DE-4398-80BA-5E0E06E9DAAF}
	EndGlobalSection
EndGlobal
